
Microsoft Visual Studio Solution File, Format Version 12.00
# Visual Studio Version 17
VisualStudioVersion = 17.14.36221.1
MinimumVisualStudioVersion = 10.0.40219.1
Project("{FAE04EC0-301F-11D3-BF4B-00C04F79EFBC}") = "MyPos.WebAPI", "WebAPI\MyPos.WebAPI.csproj", "{8D6B33C5-CEE1-20B5-A207-99CBB61F699C}"
EndProject
Project("{2150E333-8FDC-42A3-9474-1A3956D46DE8}") = "Solution Items", "Solution Items", "{8EC462FD-D22E-90A8-E5CE-7E832BA40C5D}"
	ProjectSection(SolutionItems) = preProject
		.gitignore = .gitignore
	EndProjectSection
EndProject
Project("{FAE04EC0-301F-11D3-BF4B-00C04F79EFBC}") = "MyPos.Data", "MyPos.Data\MyPos.Data.csproj", "{4D3DDE55-9462-41ED-BFCF-F8896072C58C}"
EndProject
Project("{FAE04EC0-301F-11D3-BF4B-00C04F79EFBC}") = "MyPos.Domain", "MyPos.Domain\MyPos.Domain.csproj", "{6A1DCF53-E69E-4864-8AA8-0A38FBB1FC16}"
EndProject
Project("{FAE04EC0-301F-11D3-BF4B-00C04F79EFBC}") = "MyPos.Services", "MyPos.Services\MyPos.Services.csproj", "{8C4346B4-BC15-4ABB-8914-1F65170302A7}"
EndProject
Project("{FAE04EC0-301F-11D3-BF4B-00C04F79EFBC}") = "MyPos.APIContracts", "MyPos.APIContracts\MyPos.APIContracts.csproj", "{F40458F0-9C09-4065-955F-7A738E1535DD}"
EndProject
Project("{FAE04EC0-301F-11D3-BF4B-00C04F79EFBC}") = "MyPos.Configuration", "MyPos.Configuration\MyPos.Configuration.csproj", "{30DF0FF9-FD37-4C94-830E-229454485936}"
EndProject
Project("{FAE04EC0-301F-11D3-BF4B-00C04F79EFBC}") = "MyPos.WebAPI.xUnitTests", "MyPos.WebAPI.xUnitTests\MyPos.WebAPI.xUnitTests.csproj", "{997D8345-E75F-4289-ADD9-EF962517A6A2}"
EndProject
Global
	GlobalSection(SolutionConfigurationPlatforms) = preSolution
		Debug|Any CPU = Debug|Any CPU
		Release|Any CPU = Release|Any CPU
	EndGlobalSection
	GlobalSection(ProjectConfigurationPlatforms) = postSolution
		{8D6B33C5-CEE1-20B5-A207-99CBB61F699C}.Debug|Any CPU.ActiveCfg = Debug|Any CPU
		{8D6B33C5-CEE1-20B5-A207-99CBB61F699C}.Debug|Any CPU.Build.0 = Debug|Any CPU
		{8D6B33C5-CEE1-20B5-A207-99CBB61F699C}.Release|Any CPU.ActiveCfg = Release|Any CPU
		{8D6B33C5-CEE1-20B5-A207-99CBB61F699C}.Release|Any CPU.Build.0 = Release|Any CPU
		{4D3DDE55-9462-41ED-BFCF-F8896072C58C}.Debug|Any CPU.ActiveCfg = Debug|Any CPU
		{4D3DDE55-9462-41ED-BFCF-F8896072C58C}.Debug|Any CPU.Build.0 = Debug|Any CPU
		{4D3DDE55-9462-41ED-BFCF-F8896072C58C}.Release|Any CPU.ActiveCfg = Release|Any CPU
		{4D3DDE55-9462-41ED-BFCF-F8896072C58C}.Release|Any CPU.Build.0 = Release|Any CPU
		{6A1DCF53-E69E-4864-8AA8-0A38FBB1FC16}.Debug|Any CPU.ActiveCfg = Debug|Any CPU
		{6A1DCF53-E69E-4864-8AA8-0A38FBB1FC16}.Debug|Any CPU.Build.0 = Debug|Any CPU
		{6A1DCF53-E69E-4864-8AA8-0A38FBB1FC16}.Release|Any CPU.ActiveCfg = Release|Any CPU
		{6A1DCF53-E69E-4864-8AA8-0A38FBB1FC16}.Release|Any CPU.Build.0 = Release|Any CPU
		{8C4346B4-BC15-4ABB-8914-1F65170302A7}.Debug|Any CPU.ActiveCfg = Debug|Any CPU
		{8C4346B4-BC15-4ABB-8914-1F65170302A7}.Debug|Any CPU.Build.0 = Debug|Any CPU
		{8C4346B4-BC15-4ABB-8914-1F65170302A7}.Release|Any CPU.ActiveCfg = Release|Any CPU
		{8C4346B4-BC15-4ABB-8914-1F65170302A7}.Release|Any CPU.Build.0 = Release|Any CPU
		{F40458F0-9C09-4065-955F-7A738E1535DD}.Debug|Any CPU.ActiveCfg = Debug|Any CPU
		{F40458F0-9C09-4065-955F-7A738E1535DD}.Debug|Any CPU.Build.0 = Debug|Any CPU
		{F40458F0-9C09-4065-955F-7A738E1535DD}.Release|Any CPU.ActiveCfg = Release|Any CPU
		{F40458F0-9C09-4065-955F-7A738E1535DD}.Release|Any CPU.Build.0 = Release|Any CPU
		{30DF0FF9-FD37-4C94-830E-229454485936}.Debug|Any CPU.ActiveCfg = Debug|Any CPU
		{30DF0FF9-FD37-4C94-830E-229454485936}.Debug|Any CPU.Build.0 = Debug|Any CPU
		{30DF0FF9-FD37-4C94-830E-229454485936}.Release|Any CPU.ActiveCfg = Release|Any CPU
		{30DF0FF9-FD37-4C94-830E-229454485936}.Release|Any CPU.Build.0 = Release|Any CPU
		{997D8345-E75F-4289-ADD9-EF962517A6A2}.Debug|Any CPU.ActiveCfg = Debug|Any CPU
		{997D8345-E75F-4289-ADD9-EF962517A6A2}.Debug|Any CPU.Build.0 = Debug|Any CPU
		{997D8345-E75F-4289-ADD9-EF962517A6A2}.Release|Any CPU.ActiveCfg = Release|Any CPU
		{997D8345-E75F-4289-ADD9-EF962517A6A2}.Release|Any CPU.Build.0 = Release|Any CPU
	EndGlobalSection
	GlobalSection(SolutionProperties) = preSolution
		HideSolutionNode = FALSE
	EndGlobalSection
	GlobalSection(ExtensibilityGlobals) = postSolution
		SolutionGuid = {98EC0CCD-2D6D-42D3-98B4-3D5C76D092BD}
	EndGlobalSection
EndGlobal
